github.com/logrusorgru/aurora v0.0.0-20181002194514-a7b3b318ed4e/go.mod h1:7rIyQOR62GCctdiQpZ/zOJlFyk6y+94wXzv6RNZgaR4=
github.com/mk2/yon v0.0.0-20190331140232-b5ed88c803cb h1:QO2t+GdeSHDHg6PjfIBZal7uqbME93qDMkn7clFX3pk=
github.com/mk2/yon v0.0.0-20190331140232-b5ed88c803cb/go.mod h1:38Iw1FsbtkP2STm/NT+BF11U74TBgymKzTyaJTDsKn0=
github.com/urfave/cli v1.20.0/go.mod h1:70zkFmudgCuE/ngEzBv17Jvp/497gISqfk5gWijbERA=
